
Microsoft Visual Studio Solution File, Format Version 12.00
# Visual Studio Version 17
VisualStudioVersion = 17.4.33110.190
MinimumVisualStudioVersion = 10.0.40219.1
Project("{8BC9CEB8-8B4A-11D0-8D11-00A0C91BC942}") = "Maphy-Sample", "Maphy-Sample\Maphy-Sample.vcxproj", "{B0AD31A2-C318-4E9F-A385-9882D1C400C9}"
	ProjectSection(ProjectDependencies) = postProject
		{9200CDAD-22C9-4932-BF10-9A800B726896} = {9200CDAD-22C9-4932-BF10-9A800B726896}
	EndProjectSection
EndProject
Project("{8BC9CEB8-8B4A-11D0-8D11-00A0C91BC942}") = "Maphy", "..\Maphy\Maphy.vcxproj", "{9200CDAD-22C9-4932-BF10-9A800B726896}"
EndProject
Global
	GlobalSection(SolutionConfigurationPlatforms) = preSolution
		Debug|x64 = Debug|x64
		Debug|x86 = Debug|x86
		Release|x64 = Release|x64
		Release|x86 = Release|x86
	EndGlobalSection
	GlobalSection(ProjectConfigurationPlatforms) = postSolution
		{B0AD31A2-C318-4E9F-A385-9882D1C400C9}.Debug|x64.ActiveCfg = Debug|x64
		{B0AD31A2-C318-4E9F-A385-9882D1C400C9}.Debug|x64.Build.0 = Debug|x64
		{B0AD31A2-C318-4E9F-A385-9882D1C400C9}.Debug|x86.ActiveCfg = Debug|Win32
		{B0AD31A2-C318-4E9F-A385-9882D1C400C9}.Debug|x86.Build.0 = Debug|Win32
		{B0AD31A2-C318-4E9F-A385-9882D1C400C9}.Release|x64.ActiveCfg = Release|x64
		{B0AD31A2-C318-4E9F-A385-9882D1C400C9}.Release|x64.Build.0 = Release|x64
		{B0AD31A2-C318-4E9F-A385-9882D1C400C9}.Release|x86.ActiveCfg = Release|Win32
		{B0AD31A2-C318-4E9F-A385-9882D1C400C9}.Release|x86.Build.0 = Release|Win32
		{9200CDAD-22C9-4932-BF10-9A800B726896}.Debug|x64.ActiveCfg = Debug|x64
		{9200CDAD-22C9-4932-BF10-9A800B726896}.Debug|x64.Build.0 = Debug|x64
		{9200CDAD-22C9-4932-BF10-9A800B726896}.Debug|x86.ActiveCfg = Debug|Win32
		{9200CDAD-22C9-4932-BF10-9A800B726896}.Debug|x86.Build.0 = Debug|Win32
		{9200CDAD-22C9-4932-BF10-9A800B726896}.Release|x64.ActiveCfg = Release|x64
		{9200CDAD-22C9-4932-BF10-9A800B726896}.Release|x64.Build.0 = Release|x64
		{9200CDAD-22C9-4932-BF10-9A800B726896}.Release|x86.ActiveCfg = Release|Win32
		{9200CDAD-22C9-4932-BF10-9A800B726896}.Release|x86.Build.0 = Release|Win32
	EndGlobalSection
	GlobalSection(SolutionProperties) = preSolution
		HideSolutionNode = FALSE
	EndGlobalSection
	GlobalSection(ExtensibilityGlobals) = postSolution
		SolutionGuid = {FA6DD9F6-A879-486C-92C4-0221D36C9B0C}
	EndGlobalSection
EndGlobal
